// !$*UTF8*$!
{
	archiveVersion = 1;
	classes = {
	};
	objectVersion = 50;
	objects = {

/* Begin PBXBuildFile section */
		1A3904E026821B9F00634BEA /* MadLibs2App.swift in Sources */ = {isa = PBXBuildFile; fileRef = 1A3904DF26821B9F00634BEA /* MadLibs2App.swift */; };
		1A3904E226821B9F00634BEA /* ContentView.swift in Sources */ = {isa = PBXBuildFile; fileRef = 1A3904E126821B9F00634BEA /* ContentView.swift */; };
		1A3904E426821BA000634BEA /* Assets.xcassets in Resources */ = {isa = PBXBuildFile; fileRef = 1A3904E326821BA000634BEA /* Assets.xcassets */; };
		1A3904E726821BA000634BEA /* Preview Assets.xcassets in Resources */ = {isa = PBXBuildFile; fileRef = 1A3904E626821BA000634BEA /* Preview Assets.xcassets */; };
		1A3904F226821BA000634BEA /* MadLibs2Tests.swift in Sources */ = {isa = PBXBuildFile; fileRef = 1A3904F126821BA000634BEA /* MadLibs2Tests.swift */; };
		1A3904FD26821BA000634BEA /* MadLibs2UITests.swift in Sources */ = {isa = PBXBuildFile; fileRef = 1A3904FC26821BA000634BEA /* MadLibs2UITests.swift */; };
/* End PBXBuildFile section */

/* Begin PBXContainerItemProxy section */
		1A3904EE26821BA000634BEA /* PBXContainerItemProxy */ = {
			isa = PBXContainerItemProxy;
			containerPortal = 1A3904D426821B9F00634BEA /* Project object */;
			proxyType = 1;
			remoteGlobalIDString = 1A3904DB26821B9F00634BEA;
			remoteInfo = MadLibs2;
		};
		1A3904F926821BA000634BEA /* PBXContainerItemProxy */ = {
			isa = PBXContainerItemProxy;
			containerPortal = 1A3904D426821B9F00634BEA /* Project object */;
			proxyType = 1;
			remoteGlobalIDString = 1A3904DB26821B9F00634BEA;
			remoteInfo = MadLibs2;
		};
/* End PBXContainerItemProxy section */

/* Begin PBXFileReference section */
		1A3904DC26821B9F00634BEA /* MadLibs2.app */ = {isa = PBXFileReference; explicitFileType = wrapper.application; includeInIndex = 0; path = MadLibs2.app; sourceTree = BUILT_PRODUCTS_DIR; };
		1A3904DF26821B9F00634BEA /* MadLibs2App.swift */ = {isa = PBXFileReference; lastKnownFileType = sourcecode.swift; path = MadLibs2App.swift; sourceTree = "<group>"; };
		1A3904E126821B9F00634BEA /* ContentView.swift */ = {isa = PBXFileReference; lastKnownFileType = sourcecode.swift; path = ContentView.swift; sourceTree = "<group>"; };
		1A3904E326821BA000634BEA /* Assets.xcassets */ = {isa = PBXFileReference; lastKnownFileType = folder.assetcatalog; path = Assets.xcassets; sourceTree = "<group>"; };
		1A3904E626821BA000634BEA /* Preview Assets.xcassets */ = {isa = PBXFileReference; lastKnownFileType = folder.assetcatalog; path = "Preview Assets.xcassets"; sourceTree = "<group>"; };
		1A3904E826821BA000634BEA /* Info.plist */ = {isa = PBXFileReference; lastKnownFileType = text.plist.xml; path = Info.plist; sourceTree = "<group>"; };
		1A3904ED26821BA000634BEA /* MadLibs2Tests.xctest */ = {isa = PBXFileReference; explicitFileType = wrapper.cfbundle; includeInIndex = 0; path = MadLibs2Tests.xctest; sourceTree = BUILT_PRODUCTS_DIR; };
		1A3904F126821BA000634BEA /* MadLibs2Tests.swift */ = {isa = PBXFileReference; lastKnownFileType = sourcecode.swift; path = MadLibs2Tests.swift; sourceTree = "<group>"; };
		1A3904F326821BA000634BEA /* Info.plist */ = {isa = PBXFileReference; lastKnownFileType = text.plist.xml; path = Info.plist; sourceTree = "<group>"; };
		1A3904F826821BA000634BEA /* MadLibs2UITests.xctest */ = {isa = PBXFileReference; explicitFileType = wrapper.cfbundle; includeInIndex = 0; path = MadLibs2UITests.xctest; sourceTree = BUILT_PRODUCTS_DIR; };
		1A3904FC26821BA000634BEA /* MadLibs2UITests.swift */ = {isa = PBXFileReference; lastKnownFileType = sourcecode.swift; path = MadLibs2UITests.swift; sourceTree = "<group>"; };
		1A3904FE26821BA000634BEA /* Info.plist */ = {isa = PBXFileReference; lastKnownFileType = text.plist.xml; path = Info.plist; sourceTree = "<group>"; };
/* End PBXFileReference section */

/* Begin PBXFrameworksBuildPhase section */
		1A3904D926821B9F00634BEA /* Frameworks */ = {
			isa = PBXFrameworksBuildPhase;
			buildActionMask = 2147483647;
			files = (
			);
			runOnlyForDeploymentPostprocessing = 0;
		};
		1A3904EA26821BA000634BEA /* Frameworks */ = {
			isa = PBXFrameworksBuildPhase;
			buildActionMask = 2147483647;
			files = (
			);
			runOnlyForDeploymentPostprocessing = 0;
		};
		1A3904F526821BA000634BEA /* Frameworks */ = {
			isa = PBXFrameworksBuildPhase;
			buildActionMask = 2147483647;
			files = (
			);
			runOnlyForDeploymentPostprocessing = 0;
		};
/* End PBXFrameworksBuildPhase section */

/* Begin PBXGroup section */
		1A3904D326821B9F00634BEA = {
			isa = PBXGroup;
			children = (
				1A3904DE26821B9F00634BEA /* MadLibs2 */,
				1A3904F026821BA000634BEA /* MadLibs2Tests */,
				1A3904FB26821BA000634BEA /* MadLibs2UITests */,
				1A3904DD26821B9F00634BEA /* Products */,
			);
			sourceTree = "<group>";
		};
		1A3904DD26821B9F00634BEA /* Products */ = {
			isa = PBXGroup;
			children = (
				1A3904DC26821B9F00634BEA /* MadLibs2.app */,
				1A3904ED26821BA000634BEA /* MadLibs2Tests.xctest */,
				1A3904F826821BA000634BEA /* MadLibs2UITests.xctest */,
			);
			name = Products;
			sourceTree = "<group>";
		};
		1A3904DE26821B9F00634BEA /* MadLibs2 */ = {
			isa = PBXGroup;
			children = (
				1A3904DF26821B9F00634BEA /* MadLibs2App.swift */,
				1A3904E126821B9F00634BEA /* ContentView.swift */,
				1A3904E326821BA000634BEA /* Assets.xcassets */,
				1A3904E826821BA000634BEA /* Info.plist */,
				1A3904E526821BA000634BEA /* Preview Content */,
			);
			path = MadLibs2;
			sourceTree = "<group>";
		};
		1A3904E526821BA000634BEA /* Preview Content */ = {
			isa = PBXGroup;
			children = (
				1A3904E626821BA000634BEA /* Preview Assets.xcassets */,
			);
			path = "Preview Content";
			sourceTree = "<group>";
		};
		1A3904F026821BA000634BEA /* MadLibs2Tests */ = {
			isa = PBXGroup;
			children = (
				1A3904F126821BA000634BEA /* MadLibs2Tests.swift */,
				1A3904F326821BA000634BEA /* Info.plist */,
			);
			path = MadLibs2Tests;
			sourceTree = "<group>";
		};
		1A3904FB26821BA000634BEA /* MadLibs2UITests */ = {
			isa = PBXGroup;
			children = (
				1A3904FC26821BA000634BEA /* MadLibs2UITests.swift */,
				1A3904FE26821BA000634BEA /* Info.plist */,
			);
			path = MadLibs2UITests;
			sourceTree = "<group>";
		};
/* End PBXGroup section */

/* Begin PBXNativeTarget section */
		1A3904DB26821B9F00634BEA /* MadLibs2 */ = {
			isa = PBXNativeTarget;
			buildConfigurationList = 1A39050126821BA000634BEA /* Build configuration list for PBXNativeTarget "MadLibs2" */;
			buildPhases = (
				1A3904D826821B9F00634BEA /* Sources */,
				1A3904D926821B9F00634BEA /* Frameworks */,
				1A3904DA26821B9F00634BEA /* Resources */,
			);
			buildRules = (
			);
			dependencies = (
			);
			name = MadLibs2;
			productName = MadLibs2;
			productReference = 1A3904DC26821B9F00634BEA /* MadLibs2.app */;
			productType = "com.apple.product-type.application";
		};
		1A3904EC26821BA000634BEA /* MadLibs2Tests */ = {
			isa = PBXNativeTarget;
			buildConfigurationList = 1A39050426821BA000634BEA /* Build configuration list for PBXNativeTarget "MadLibs2Tests" */;
			buildPhases = (
				1A3904E926821BA000634BEA /* Sources */,
				1A3904EA26821BA000634BEA /* Frameworks */,
				1A3904EB26821BA000634BEA /* Resources */,
			);
			buildRules = (
			);
			dependencies = (
				1A3904EF26821BA000634BEA /* PBXTargetDependency */,
			);
			name = MadLibs2Tests;
			productName = MadLibs2Tests;
			productReference = 1A3904ED26821BA000634BEA /* MadLibs2Tests.xctest */;
			productType = "com.apple.product-type.bundle.unit-test";
		};
		1A3904F726821BA000634BEA /* MadLibs2UITests */ = {
			isa = PBXNativeTarget;
			buildConfigurationList = 1A39050726821BA000634BEA /* Build configuration list for PBXNativeTarget "MadLibs2UITests" */;
			buildPhases = (
				1A3904F426821BA000634BEA /* Sources */,
				1A3904F526821BA000634BEA /* Frameworks */,
				1A3904F626821BA000634BEA /* Resources */,
			);
			buildRules = (
			);
			dependencies = (
				1A3904FA26821BA000634BEA /* PBXTargetDependency */,
			);
			name = MadLibs2UITests;
			productName = MadLibs2UITests;
			productReference = 1A3904F826821BA000634BEA /* MadLibs2UITests.xctest */;
			productType = "com.apple.product-type.bundle.ui-testing";
		};
/* End PBXNativeTarget section */

/* Begin PBXProject section */
		1A3904D426821B9F00634BEA /* Project object */ = {
			isa = PBXProject;
			attributes = {
				LastSwiftUpdateCheck = 1240;
				LastUpgradeCheck = 1240;
				TargetAttributes = {
					1A3904DB26821B9F00634BEA = {
						CreatedOnToolsVersion = 12.4;
					};
					1A3904EC26821BA000634BEA = {
						CreatedOnToolsVersion = 12.4;
						TestTargetID = 1A3904DB26821B9F00634BEA;
					};
					1A3904F726821BA000634BEA = {
						CreatedOnToolsVersion = 12.4;
						TestTargetID = 1A3904DB26821B9F00634BEA;
					};
				};
			};
			buildConfigurationList = 1A3904D726821B9F00634BEA /* Build configuration list for PBXProject "MadLibs2" */;
			compatibilityVersion = "Xcode 9.3";
			developmentRegion = en;
			hasScannedForEncodings = 0;
			knownRegions = (
				en,
				Base,
			);
			mainGroup = 1A3904D326821B9F00634BEA;
			productRefGroup = 1A3904DD26821B9F00634BEA /* Products */;
			projectDirPath = "";
			projectRoot = "";
			targets = (
				1A3904DB26821B9F00634BEA /* MadLibs2 */,
				1A3904EC26821BA000634BEA /* MadLibs2Tests */,
				1A3904F726821BA000634BEA /* MadLibs2UITests */,
			);
		};
/* End PBXProject section */

/* Begin PBXResourcesBuildPhase section */
		1A3904DA26821B9F00634BEA /* Resources */ = {
			isa = PBXResourcesBuildPhase;
			buildActionMask = 2147483647;
			files = (
				1A3904E726821BA000634BEA /* Preview Assets.xcassets in Resources */,
				1A3904E426821BA000634BEA /* Assets.xcassets in Resources */,
			);
			runOnlyForDeploymentPostprocessing = 0;
		};
		1A3904EB26821BA000634BEA /* Resources */ = {
			isa = PBXResourcesBuildPhase;
			buildActionMask = 2147483647;
			files = (
			);
			runOnlyForDeploymentPostprocessing = 0;
		};
		1A3904F626821BA000634BEA /* Resources */ = {
			isa = PBXResourcesBuildPhase;
			buildActionMask = 2147483647;
			files = (
			);
			runOnlyForDeploymentPostprocessing = 0;
		};
/* End PBXResourcesBuildPhase section */

/* Begin PBXSourcesBuildPhase section */
		1A3904D826821B9F00634BEA /* Sources */ = {
			isa = PBXSourcesBuildPhase;
			buildActionMask = 2147483647;
			files = (
				1A3904E226821B9F00634BEA /* ContentView.swift in Sources */,
				1A3904E026821B9F00634BEA /* MadLibs2App.swift in Sources */,
			);
			runOnlyForDeploymentPostprocessing = 0;
		};
		1A3904E926821BA000634BEA /* Sources */ = {
			isa = PBXSourcesBuildPhase;
			buildActionMask = 2147483647;
			files = (
				1A3904F226821BA000634BEA /* MadLibs2Tests.swift in Sources */,
			);
			runOnlyForDeploymentPostprocessing = 0;
		};
		1A3904F426821BA000634BEA /* Sources */ = {
			isa = PBXSourcesBuildPhase;
			buildActionMask = 2147483647;
			files = (
				1A3904FD26821BA000634BEA /* MadLibs2UITests.swift in Sources */,
			);
			runOnlyForDeploymentPostprocessing = 0;
		};
/* End PBXSourcesBuildPhase section */

/* Begin PBXTargetDependency section */
		1A3904EF26821BA000634BEA /* PBXTargetDependency */ = {
			isa = PBXTargetDependency;
			target = 1A3904DB26821B9F00634BEA /* MadLibs2 */;
			targetProxy = 1A3904EE26821BA000634BEA /* PBXContainerItemProxy */;
		};
		1A3904FA26821BA000634BEA /* PBXTargetDependency */ = {
			isa = PBXTargetDependency;
			target = 1A3904DB26821B9F00634BEA /* MadLibs2 */;
			targetProxy = 1A3904F926821BA000634BEA /* PBXContainerItemProxy */;
		};
/* End PBXTargetDependency section */

/* Begin XCBuildConfiguration section */
		1A3904FF26821BA000634BEA /* Debug */ = {
			isa = XCBuildConfiguration;
			buildSettings = {
				ALWAYS_SEARCH_USER_PATHS = NO;
				CLANG_ANALYZER_NONNULL = YES;
				CLANG_ANALYZER_NUMBER_OBJECT_CONVERSION = YES_AGGRESSIVE;
				CLANG_CXX_LANGUAGE_STANDARD = "gnu++14";
				CLANG_CXX_LIBRARY = "libc++";
				CLANG_ENABLE_MODULES = YES;
				CLANG_ENABLE_OBJC_ARC = YES;
				CLANG_ENABLE_OBJC_WEAK = YES;
				CLANG_WARN_BLOCK_CAPTURE_AUTORELEASING = YES;
				CLANG_WARN_BOOL_CONVERSION = YES;
				CLANG_WARN_COMMA = YES;
				CLANG_WARN_CONSTANT_CONVERSION = YES;
				CLANG_WARN_DEPRECATED_OBJC_IMPLEMENTATIONS = YES;
				CLANG_WARN_DIRECT_OBJC_ISA_USAGE = YES_ERROR;
				CLANG_WARN_DOCUMENTATION_COMMENTS = YES;
				CLANG_WARN_EMPTY_BODY = YES;
				CLANG_WARN_ENUM_CONVERSION = YES;
				CLANG_WARN_INFINITE_RECURSION = YES;
				CLANG_WARN_INT_CONVERSION = YES;
				CLANG_WARN_NON_LITERAL_NULL_CONVERSION = YES;
				CLANG_WARN_OBJC_IMPLICIT_RETAIN_SELF = YES;
				CLANG_WARN_OBJC_LITERAL_CONVERSION = YES;
				CLANG_WARN_OBJC_ROOT_CLASS = YES_ERROR;
				CLANG_WARN_QUOTED_INCLUDE_IN_FRAMEWORK_HEADER = YES;
				CLANG_WARN_RANGE_LOOP_ANALYSIS = YES;
				CLANG_WARN_STRICT_PROTOTYPES = YES;
				CLANG_WARN_SUSPICIOUS_MOVE = YES;
				CLANG_WARN_UNGUARDED_AVAILABILITY = YES_AGGRESSIVE;
				CLANG_WARN_UNREACHABLE_CODE = YES;
				CLANG_WARN__DUPLICATE_METHOD_MATCH = YES;
				COPY_PHASE_STRIP = NO;
				DEBUG_INFORMATION_FORMAT = dwarf;
				ENABLE_STRICT_OBJC_MSGSEND = YES;
				ENABLE_TESTABILITY = YES;
				GCC_C_LANGUAGE_STANDARD = gnu11;
				GCC_DYNAMIC_NO_PIC = NO;
				GCC_NO_COMMON_BLOCKS = YES;
				GCC_OPTIMIZATION_LEVEL = 0;
				GCC_PREPROCESSOR_DEFINITIONS = (
					"DEBUG=1",
					"$(inherited)",
				);
				GCC_WARN_64_TO_32_BIT_CONVERSION = YES;
				GCC_WARN_ABOUT_RETURN_TYPE = YES_ERROR;
				GCC_WARN_UNDECLARED_SELECTOR = YES;
				GCC_WARN_UNINITIALIZED_AUTOS = YES_AGGRESSIVE;
				GCC_WARN_UNUSED_FUNCTION = YES;
				GCC_WARN_UNUSED_VARIABLE = YES;
				IPHONEOS_DEPLOYMENT_TARGET = 14.4;
				MTL_ENABLE_DEBUG_INFO = INCLUDE_SOURCE;
				MTL_FAST_MATH = YES;
				ONLY_ACTIVE_ARCH = YES;
				SDKROOT = iphoneos;
				SWIFT_ACTIVE_COMPILATION_CONDITIONS = DEBUG;
				SWIFT_OPTIMIZATION_LEVEL = "-Onone";
			};
			name = Debug;
		};
		1A39050026821BA000634BEA /* Release */ = {
			isa = XCBuildConfiguration;
			buildSettings = {
				ALWAYS_SEARCH_USER_PATHS = NO;
				CLANG_ANALYZER_NONNULL = YES;
				CLANG_ANALYZER_NUMBER_OBJECT_CONVERSION = YES_AGGRESSIVE;
				CLANG_CXX_LANGUAGE_STANDARD = "gnu++14";
				CLANG_CXX_LIBRARY = "libc++";
				CLANG_ENABLE_MODULES = YES;
				CLANG_ENABLE_OBJC_ARC = YES;
				CLANG_ENABLE_OBJC_WEAK = YES;
				CLANG_WARN_BLOCK_CAPTURE_AUTORELEASING = YES;
				CLANG_WARN_BOOL_CONVERSION = YES;
				CLANG_WARN_COMMA = YES;
				CLANG_WARN_CONSTANT_CONVERSION = YES;
				CLANG_WARN_DEPRECATED_OBJC_IMPLEMENTATIONS = YES;
				CLANG_WARN_DIRECT_OBJC_ISA_USAGE = YES_ERROR;
				CLANG_WARN_DOCUMENTATION_COMMENTS = YES;
				CLANG_WARN_EMPTY_BODY = YES;
				CLANG_WARN_ENUM_CONVERSION = YES;
				CLANG_WARN_INFINITE_RECURSION = YES;
				CLANG_WARN_INT_CONVERSION = YES;
				CLANG_WARN_NON_LITERAL_NULL_CONVERSION = YES;
				CLANG_WARN_OBJC_IMPLICIT_RETAIN_SELF = YES;
				CLANG_WARN_OBJC_LITERAL_CONVERSION = YES;
				CLANG_WARN_OBJC_ROOT_CLASS = YES_ERROR;
				CLANG_WARN_QUOTED_INCLUDE_IN_FRAMEWORK_HEADER = YES;
				CLANG_WARN_RANGE_LOOP_ANALYSIS = YES;
				CLANG_WARN_STRICT_PROTOTYPES = YES;
				CLANG_WARN_SUSPICIOUS_MOVE = YES;
				CLANG_WARN_UNGUARDED_AVAILABILITY = YES_AGGRESSIVE;
				CLANG_WARN_UNREACHABLE_CODE = YES;
				CLANG_WARN__DUPLICATE_METHOD_MATCH = YES;
				COPY_PHASE_STRIP = NO;
				DEBUG_INFORMATION_FORMAT = "dwarf-with-dsym";
				ENABLE_NS_ASSERTIONS = NO;
				ENABLE_STRICT_OBJC_MSGSEND = YES;
				GCC_C_LANGUAGE_STANDARD = gnu11;
				GCC_NO_COMMON_BLOCKS = YES;
				GCC_WARN_64_TO_32_BIT_CONVERSION = YES;
				GCC_WARN_ABOUT_RETURN_TYPE = YES_ERROR;
				GCC_WARN_UNDECLARED_SELECTOR = YES;
				GCC_WARN_UNINITIALIZED_AUTOS = YES_AGGRESSIVE;
				GCC_WARN_UNUSED_FUNCTION = YES;
				GCC_WARN_UNUSED_VARIABLE = YES;
				IPHONEOS_DEPLOYMENT_TARGET = 14.4;
				MTL_ENABLE_DEBUG_INFO = NO;
				MTL_FAST_MATH = YES;
				SDKROOT = iphoneos;
				SWIFT_COMPILATION_MODE = wholemodule;
				SWIFT_OPTIMIZATION_LEVEL = "-O";
				VALIDATE_PRODUCT = YES;
			};
			name = Release;
		};
		1A39050226821BA000634BEA /* Debug */ = {
			isa = XCBuildConfiguration;
			buildSettings = {
				ASSETCATALOG_COMPILER_APPICON_NAME = AppIcon;
				ASSETCATALOG_COMPILER_GLOBAL_ACCENT_COLOR_NAME = AccentColor;
				CODE_SIGN_STYLE = Automatic;
				DEVELOPMENT_ASSET_PATHS = "\"MadLibs2/Preview Content\"";
				ENABLE_PREVIEWS = YES;
				INFOPLIST_FILE = MadLibs2/Info.plist;
				IPHONEOS_DEPLOYMENT_TARGET = 14.0;
				LD_RUNPATH_SEARCH_PATHS = (
					"$(inherited)",
					"@executable_path/Frameworks",
				);
				PRODUCT_BUNDLE_IDENTIFIER = "Tim-Randall.MadLibs2";
				PRODUCT_NAME = "$(TARGET_NAME)";
				SWIFT_VERSION = 5.0;
				TARGETED_DEVICE_FAMILY = "1,2";
			};
			name = Debug;
		};
		1A39050326821BA000634BEA /* Release */ = {
			isa = XCBuildConfiguration;
			buildSettings = {
				ASSETCATALOG_COMPILER_APPICON_NAME = AppIcon;
				ASSETCATALOG_COMPILER_GLOBAL_ACCENT_COLOR_NAME = AccentColor;
				CODE_SIGN_STYLE = Automatic;
				DEVELOPMENT_ASSET_PATHS = "\"MadLibs2/Preview Content\"";
				ENABLE_PREVIEWS = YES;
				INFOPLIST_FILE = MadLibs2/Info.plist;
				IPHONEOS_DEPLOYMENT_TARGET = 14.0;
				LD_RUNPATH_SEARCH_PATHS = (
					"$(inherited)",
					"@executable_path/Frameworks",
				);
				PRODUCT_BUNDLE_IDENTIFIER = "Tim-Randall.MadLibs2";
				PRODUCT_NAME = "$(TARGET_NAME)";
				SWIFT_VERSION = 5.0;
				TARGETED_DEVICE_FAMILY = "1,2";
			};
			name = Release;
		};
		1A39050526821BA000634BEA /* Debug */ = {
			isa = XCBuildConfiguration;
			buildSettings = {
				ALWAYS_EMBED_SWIFT_STANDARD_LIBRARIES = YES;
				BUNDLE_LOADER = "$(TEST_HOST)";
				CODE_SIGN_STYLE = Automatic;
				INFOPLIST_FILE = MadLibs2Tests/Info.plist;
				IPHONEOS_DEPLOYMENT_TARGET = 14.0;
				LD_RUNPATH_SEARCH_PATHS = (
					"$(inherited)",
					"@executable_path/Frameworks",
					"@loader_path/Frameworks",
				);
				PRODUCT_BUNDLE_IDENTIFIER = "Tim-Randall.MadLibs2Tests";
				PRODUCT_NAME = "$(TARGET_NAME)";
				SWIFT_VERSION = 5.0;
				TARGETED_DEVICE_FAMILY = "1,2";
				TEST_HOST = "$(BUILT_PRODUCTS_DIR)/MadLibs2.app/MadLibs2";
			};
			name = Debug;
		};
		1A39050626821BA000634BEA /* Release */ = {
			isa = XCBuildConfiguration;
			buildSettings = {
				ALWAYS_EMBED_SWIFT_STANDARD_LIBRARIES = YES;
				BUNDLE_LOADER = "$(TEST_HOST)";
				CODE_SIGN_STYLE = Automatic;
				INFOPLIST_FILE = MadLibs2Tests/Info.plist;
				IPHONEOS_DEPLOYMENT_TARGET = 14.0;
				LD_RUNPATH_SEARCH_PATHS = (
					"$(inherited)",
					"@executable_path/Frameworks",
					"@loader_path/Frameworks",
				);
				PRODUCT_BUNDLE_IDENTIFIER = "Tim-Randall.MadLibs2Tests";
				PRODUCT_NAME = "$(TARGET_NAME)";
				SWIFT_VERSION = 5.0;
				TARGETED_DEVICE_FAMILY = "1,2";
				TEST_HOST = "$(BUILT_PRODUCTS_DIR)/MadLibs2.app/MadLibs2";
			};
			name = Release;
		};
		1A39050826821BA000634BEA /* Debug */ = {
			isa = XCBuildConfiguration;
			buildSettings = {
				ALWAYS_EMBED_SWIFT_STANDARD_LIBRARIES = YES;
				CODE_SIGN_STYLE = Automatic;
				INFOPLIST_FILE = MadLibs2UITests/Info.plist;
				LD_RUNPATH_SEARCH_PATHS = (
					"$(inherited)",
					"@executable_path/Frameworks",
					"@loader_path/Frameworks",
				);
				PRODUCT_BUNDLE_IDENTIFIER = "Tim-Randall.MadLibs2UITests";
				PRODUCT_NAME = "$(TARGET_NAME)";
				SWIFT_VERSION = 5.0;
				TARGETED_DEVICE_FAMILY = "1,2";
				TEST_TARGET_NAME = MadLibs2;
			};
			name = Debug;
		};
		1A39050926821BA000634BEA /* Release */ = {
			isa = XCBuildConfiguration;
			buildSettings = {
				ALWAYS_EMBED_SWIFT_STANDARD_LIBRARIES = YES;
				CODE_SIGN_STYLE = Automatic;
				INFOPLIST_FILE = MadLibs2UITests/Info.plist;
				LD_RUNPATH_SEARCH_PATHS = (
					"$(inherited)",
					"@executable_path/Frameworks",
					"@loader_path/Frameworks",
				);
				PRODUCT_BUNDLE_IDENTIFIER = "Tim-Randall.MadLibs2UITests";
				PRODUCT_NAME = "$(TARGET_NAME)";
				SWIFT_VERSION = 5.0;
				TARGETED_DEVICE_FAMILY = "1,2";
				TEST_TARGET_NAME = MadLibs2;
			};
			name = Release;
		};
/* End XCBuildConfiguration section */

/* Begin XCConfigurationList section */
		1A3904D726821B9F00634BEA /* Build configuration list for PBXProject "MadLibs2" */ = {
			isa = XCConfigurationList;
			buildConfigurations = (
				1A3904FF26821BA000634BEA /* Debug */,
				1A39050026821BA000634BEA /* Release */,
			);
			defaultConfigurationIsVisible = 0;
			defaultConfigurationName = Release;
		};
		1A39050126821BA000634BEA /* Build configuration list for PBXNativeTarget "MadLibs2" */ = {
			isa = XCConfigurationList;
			buildConfigurations = (
				1A39050226821BA000634BEA /* Debug */,
				1A39050326821BA000634BEA /* Release */,
			);
			defaultConfigurationIsVisible = 0;
			defaultConfigurationName = Release;
		};
		1A39050426821BA000634BEA /* Build configuration list for PBXNativeTarget "MadLibs2Tests" */ = {
			isa = XCConfigurationList;
			buildConfigurations = (
				1A39050526821BA000634BEA /* Debug */,
				1A39050626821BA000634BEA /* Release */,
			);
			defaultConfigurationIsVisible = 0;
			defaultConfigurationName = Release;
		};
		1A39050726821BA000634BEA /* Build configuration list for PBXNativeTarget "MadLibs2UITests" */ = {
			isa = XCConfigurationList;
			buildConfigurations = (
				1A39050826821BA000634BEA /* Debug */,
				1A39050926821BA000634BEA /* Release */,
			);
			defaultConfigurationIsVisible = 0;
			defaultConfigurationName = Release;
		};
/* End XCConfigurationList section */
	};
	rootObject = 1A3904D426821B9F00634BEA /* Project object */;
}
